
Microsoft Visual Studio Solution File, Format Version 11.00
# Visual Studio 2010
Project("{FAE04EC0-301F-11D3-BF4B-00C04F79EFBC}") = "Entidades", "Entidades\Entidades.csproj", "{83211C3B-7720-49C7-A4BB-731315130E51}"
EndProject
Project("{FAE04EC0-301F-11D3-BF4B-00C04F79EFBC}") = "Datos", "Datos\Datos.csproj", "{11567A3A-FB73-495E-9BE8-2C41683185F4}"
EndProject
Project("{FAE04EC0-301F-11D3-BF4B-00C04F79EFBC}") = "UI.Console", "UI.Console\UI.Console.csproj", "{498A6917-2BED-4012-9A32-8F273AD0A557}"
EndProject
Project("{FAE04EC0-301F-11D3-BF4B-00C04F79EFBC}") = "Negocio", "Negocio\Negocio.csproj", "{1146B92A-812D-44F0-9FAF-2C5B1BE65E05}"
EndProject
Project("{E24C65DC-7377-472B-9ABA-BC803B73C61A}") = "UI.Web", "UI.Web\", "{C8F21D63-7D61-4AB1-A08F-95B40101CB99}"
	ProjectSection(WebsiteProperties) = preProject
		TargetFrameworkMoniker = ".NETFramework,Version%3Dv4.0"
		ProjectReferences = "{1146B92A-812D-44F0-9FAF-2C5B1BE65E05}|Negocio.dll;{11567A3A-FB73-495E-9BE8-2C41683185F4}|Datos.dll;{83211C3B-7720-49C7-A4BB-731315130E51}|Entidades.dll;{357F4C43-6E89-44F1-8A07-86ACDDBEF696}|Utilidades.dll;"
		Debug.AspNetCompiler.VirtualPath = "/UI.Web(1)"
		Debug.AspNetCompiler.PhysicalPath = "UI.Web\"
		Debug.AspNetCompiler.TargetPath = "PrecompiledWeb\UI.Web(1)\"
		Debug.AspNetCompiler.Updateable = "true"
		Debug.AspNetCompiler.ForceOverwrite = "true"
		Debug.AspNetCompiler.FixedNames = "false"
		Debug.AspNetCompiler.Debug = "True"
		Release.AspNetCompiler.VirtualPath = "/UI.Web(1)"
		Release.AspNetCompiler.PhysicalPath = "UI.Web\"
		Release.AspNetCompiler.TargetPath = "PrecompiledWeb\UI.Web(1)\"
		Release.AspNetCompiler.Updateable = "true"
		Release.AspNetCompiler.ForceOverwrite = "true"
		Release.AspNetCompiler.FixedNames = "false"
		Release.AspNetCompiler.Debug = "False"
		VWDPort = "7624"
		DefaultWebSiteLanguage = "Visual C#"
	EndProjectSection
EndProject
Project("{FAE04EC0-301F-11D3-BF4B-00C04F79EFBC}") = "Utilidades", "Utilidades\Utilidades.csproj", "{357F4C43-6E89-44F1-8A07-86ACDDBEF696}"
EndProject
Global
	GlobalSection(SolutionConfigurationPlatforms) = preSolution
		Debug|Any CPU = Debug|Any CPU
		Debug|Mixed Platforms = Debug|Mixed Platforms
		Debug|x86 = Debug|x86
		Release|Any CPU = Release|Any CPU
		Release|Mixed Platforms = Release|Mixed Platforms
		Release|x86 = Release|x86
	EndGlobalSection
	GlobalSection(ProjectConfigurationPlatforms) = postSolution
		{83211C3B-7720-49C7-A4BB-731315130E51}.Debug|Any CPU.ActiveCfg = Debug|Any CPU
		{83211C3B-7720-49C7-A4BB-731315130E51}.Debug|Any CPU.Build.0 = Debug|Any CPU
		{83211C3B-7720-49C7-A4BB-731315130E51}.Debug|Mixed Platforms.ActiveCfg = Debug|Any CPU
		{83211C3B-7720-49C7-A4BB-731315130E51}.Debug|Mixed Platforms.Build.0 = Debug|Any CPU
		{83211C3B-7720-49C7-A4BB-731315130E51}.Debug|x86.ActiveCfg = Debug|Any CPU
		{83211C3B-7720-49C7-A4BB-731315130E51}.Release|Any CPU.ActiveCfg = Release|Any CPU
		{83211C3B-7720-49C7-A4BB-731315130E51}.Release|Any CPU.Build.0 = Release|Any CPU
		{83211C3B-7720-49C7-A4BB-731315130E51}.Release|Mixed Platforms.ActiveCfg = Release|Any CPU
		{83211C3B-7720-49C7-A4BB-731315130E51}.Release|Mixed Platforms.Build.0 = Release|Any CPU
		{83211C3B-7720-49C7-A4BB-731315130E51}.Release|x86.ActiveCfg = Release|Any CPU
		{11567A3A-FB73-495E-9BE8-2C41683185F4}.Debug|Any CPU.ActiveCfg = Debug|Any CPU
		{11567A3A-FB73-495E-9BE8-2C41683185F4}.Debug|Any CPU.Build.0 = Debug|Any CPU
		{11567A3A-FB73-495E-9BE8-2C41683185F4}.Debug|Mixed Platforms.ActiveCfg = Debug|Any CPU
		{11567A3A-FB73-495E-9BE8-2C41683185F4}.Debug|Mixed Platforms.Build.0 = Debug|Any CPU
		{11567A3A-FB73-495E-9BE8-2C41683185F4}.Debug|x86.ActiveCfg = Debug|Any CPU
		{11567A3A-FB73-495E-9BE8-2C41683185F4}.Release|Any CPU.ActiveCfg = Release|Any CPU
		{11567A3A-FB73-495E-9BE8-2C41683185F4}.Release|Any CPU.Build.0 = Release|Any CPU
		{11567A3A-FB73-495E-9BE8-2C41683185F4}.Release|Mixed Platforms.ActiveCfg = Release|Any CPU
		{11567A3A-FB73-495E-9BE8-2C41683185F4}.Release|Mixed Platforms.Build.0 = Release|Any CPU
		{11567A3A-FB73-495E-9BE8-2C41683185F4}.Release|x86.ActiveCfg = Release|Any CPU
		{498A6917-2BED-4012-9A32-8F273AD0A557}.Debug|Any CPU.ActiveCfg = Debug|x86
		{498A6917-2BED-4012-9A32-8F273AD0A557}.Debug|Mixed Platforms.ActiveCfg = Debug|x86
		{498A6917-2BED-4012-9A32-8F273AD0A557}.Debug|Mixed Platforms.Build.0 = Debug|x86
		{498A6917-2BED-4012-9A32-8F273AD0A557}.Debug|x86.ActiveCfg = Debug|x86
		{498A6917-2BED-4012-9A32-8F273AD0A557}.Debug|x86.Build.0 = Debug|x86
		{498A6917-2BED-4012-9A32-8F273AD0A557}.Release|Any CPU.ActiveCfg = Release|x86
		{498A6917-2BED-4012-9A32-8F273AD0A557}.Release|Mixed Platforms.ActiveCfg = Release|x86
		{498A6917-2BED-4012-9A32-8F273AD0A557}.Release|Mixed Platforms.Build.0 = Release|x86
		{498A6917-2BED-4012-9A32-8F273AD0A557}.Release|x86.ActiveCfg = Release|x86
		{498A6917-2BED-4012-9A32-8F273AD0A557}.Release|x86.Build.0 = Release|x86
		{1146B92A-812D-44F0-9FAF-2C5B1BE65E05}.Debug|Any CPU.ActiveCfg = Debug|Any CPU
		{1146B92A-812D-44F0-9FAF-2C5B1BE65E05}.Debug|Any CPU.Build.0 = Debug|Any CPU
		{1146B92A-812D-44F0-9FAF-2C5B1BE65E05}.Debug|Mixed Platforms.ActiveCfg = Debug|Any CPU
		{1146B92A-812D-44F0-9FAF-2C5B1BE65E05}.Debug|Mixed Platforms.Build.0 = Debug|Any CPU
		{1146B92A-812D-44F0-9FAF-2C5B1BE65E05}.Debug|x86.ActiveCfg = Debug|Any CPU
		{1146B92A-812D-44F0-9FAF-2C5B1BE65E05}.Release|Any CPU.ActiveCfg = Release|Any CPU
		{1146B92A-812D-44F0-9FAF-2C5B1BE65E05}.Release|Any CPU.Build.0 = Release|Any CPU
		{1146B92A-812D-44F0-9FAF-2C5B1BE65E05}.Release|Mixed Platforms.ActiveCfg = Release|Any CPU
		{1146B92A-812D-44F0-9FAF-2C5B1BE65E05}.Release|Mixed Platforms.Build.0 = Release|Any CPU
		{1146B92A-812D-44F0-9FAF-2C5B1BE65E05}.Release|x86.ActiveCfg = Release|Any CPU
		{C8F21D63-7D61-4AB1-A08F-95B40101CB99}.Debug|Any CPU.ActiveCfg = Debug|Any CPU
		{C8F21D63-7D61-4AB1-A08F-95B40101CB99}.Debug|Any CPU.Build.0 = Debug|Any CPU
		{C8F21D63-7D61-4AB1-A08F-95B40101CB99}.Debug|Mixed Platforms.ActiveCfg = Debug|Any CPU
		{C8F21D63-7D61-4AB1-A08F-95B40101CB99}.Debug|Mixed Platforms.Build.0 = Debug|Any CPU
		{C8F21D63-7D61-4AB1-A08F-95B40101CB99}.Debug|x86.ActiveCfg = Debug|Any CPU
		{C8F21D63-7D61-4AB1-A08F-95B40101CB99}.Release|Any CPU.ActiveCfg = Debug|Any CPU
		{C8F21D63-7D61-4AB1-A08F-95B40101CB99}.Release|Any CPU.Build.0 = Debug|Any CPU
		{C8F21D63-7D61-4AB1-A08F-95B40101CB99}.Release|Mixed Platforms.ActiveCfg = Debug|Any CPU
		{C8F21D63-7D61-4AB1-A08F-95B40101CB99}.Release|Mixed Platforms.Build.0 = Debug|Any CPU
		{C8F21D63-7D61-4AB1-A08F-95B40101CB99}.Release|x86.ActiveCfg = Debug|Any CPU
		{357F4C43-6E89-44F1-8A07-86ACDDBEF696}.Debug|Any CPU.ActiveCfg = Debug|Any CPU
		{357F4C43-6E89-44F1-8A07-86ACDDBEF696}.Debug|Any CPU.Build.0 = Debug|Any CPU
		{357F4C43-6E89-44F1-8A07-86ACDDBEF696}.Debug|Mixed Platforms.ActiveCfg = Debug|Any CPU
		{357F4C43-6E89-44F1-8A07-86ACDDBEF696}.Debug|Mixed Platforms.Build.0 = Debug|Any CPU
		{357F4C43-6E89-44F1-8A07-86ACDDBEF696}.Debug|x86.ActiveCfg = Debug|Any CPU
		{357F4C43-6E89-44F1-8A07-86ACDDBEF696}.Release|Any CPU.ActiveCfg = Release|Any CPU
		{357F4C43-6E89-44F1-8A07-86ACDDBEF696}.Release|Any CPU.Build.0 = Release|Any CPU
		{357F4C43-6E89-44F1-8A07-86ACDDBEF696}.Release|Mixed Platforms.ActiveCfg = Release|Any CPU
		{357F4C43-6E89-44F1-8A07-86ACDDBEF696}.Release|Mixed Platforms.Build.0 = Release|Any CPU
		{357F4C43-6E89-44F1-8A07-86ACDDBEF696}.Release|x86.ActiveCfg = Release|Any CPU
	EndGlobalSection
	GlobalSection(SolutionProperties) = preSolution
		HideSolutionNode = FALSE
	EndGlobalSection
EndGlobal
